
Microsoft Visual Studio Solution File, Format Version 12.00
# Visual Studio 15
VisualStudioVersion = 15.0.28307.329
MinimumVisualStudioVersion = 10.0.40219.1
Project("{FAE04EC0-301F-11D3-BF4B-00C04F79EFBC}") = "AdapterPattern", "AdapterPattern\AdapterPattern.csproj", "{C3E60D78-C59C-4C19-937F-C49CC916D471}"
EndProject
Global
	GlobalSection(SolutionConfigurationPlatforms) = preSolution
		Debug|Any CPU = Debug|Any CPU
		Release|Any CPU = Release|Any CPU
	EndGlobalSection
	GlobalSection(ProjectConfigurationPlatforms) = postSolution
		{C3E60D78-C59C-4C19-937F-C49CC916D471}.Debug|Any CPU.ActiveCfg = Debug|Any CPU
		{C3E60D78-C59C-4C19-937F-C49CC916D471}.Debug|Any CPU.Build.0 = Debug|Any CPU
		{C3E60D78-C59C-4C19-937F-C49CC916D471}.Release|Any CPU.ActiveCfg = Release|Any CPU
		{C3E60D78-C59C-4C19-937F-C49CC916D471}.Release|Any CPU.Build.0 = Release|Any CPU
	EndGlobalSection
	GlobalSection(SolutionProperties) = preSolution
		HideSolutionNode = FALSE
	EndGlobalSection
	GlobalSection(ExtensibilityGlobals) = postSolution
		SolutionGuid = {B4B678EF-DAE8-4B7F-96A5-4C288B419EB3}
	EndGlobalSection
EndGlobal
